// !$*UTF8*$!
{
	archiveVersion = 1;
	classes = {
	};
	objectVersion = 46;
	objects = {

/* Begin PBXBuildFile section */
		C46CD7391DBDB7F700395185 /* main.m in Sources */ = {isa = PBXBuildFile; fileRef = C46CD7381DBDB7F700395185 /* main.m */; };
		C46CD73C1DBDB7F700395185 /* AppDelegate.m in Sources */ = {isa = PBXBuildFile; fileRef = C46CD73B1DBDB7F700395185 /* AppDelegate.m */; };
		C46CD73F1DBDB7F700395185 /* ViewController.m in Sources */ = {isa = PBXBuildFile; fileRef = C46CD73E1DBDB7F700395185 /* ViewController.m */; };
		C46CD7421DBDB7F800395185 /* Main.storyboard in Resources */ = {isa = PBXBuildFile; fileRef = C46CD7401DBDB7F800395185 /* Main.storyboard */; };
		C46CD7441DBDB7F800395185 /* Assets.xcassets in Resources */ = {isa = PBXBuildFile; fileRef = C46CD7431DBDB7F800395185 /* Assets.xcassets */; };
		C46CD7471DBDB7F800395185 /* LaunchScreen.storyboard in Resources */ = {isa = PBXBuildFile; fileRef = C46CD7451DBDB7F800395185 /* LaunchScreen.storyboard */; };
		C46CD7521DBDB7F800395185 /* __Tests.m in Sources */ = {isa = PBXBuildFile; fileRef = C46CD7511DBDB7F800395185 /* __Tests.m */; };
		C46CD75D1DBDB7F800395185 /* __UITests.m in Sources */ = {isa = PBXBuildFile; fileRef = C46CD75C1DBDB7F800395185 /* __UITests.m */; };
/* End PBXBuildFile section */

/* Begin PBXContainerItemProxy section */
		C46CD74E1DBDB7F800395185 /* PBXContainerItemProxy */ = {
			isa = PBXContainerItemProxy;
			containerPortal = C46CD72C1DBDB7F700395185 /* Project object */;
			proxyType = 1;
			remoteGlobalIDString = C46CD7331DBDB7F700395185;
			remoteInfo = "防盗";
		};
		C46CD7591DBDB7F800395185 /* PBXContainerItemProxy */ = {
			isa = PBXContainerItemProxy;
			containerPortal = C46CD72C1DBDB7F700395185 /* Project object */;
			proxyType = 1;
			remoteGlobalIDString = C46CD7331DBDB7F700395185;
			remoteInfo = "防盗";
		};
/* End PBXContainerItemProxy section */

/* Begin PBXFileReference section */
		C46CD7341DBDB7F700395185 /* 防盗.app */ = {isa = PBXFileReference; explicitFileType = wrapper.application; includeInIndex = 0; path = "防盗.app"; sourceTree = BUILT_PRODUCTS_DIR; };
		C46CD7381DBDB7F700395185 /* main.m */ = {isa = PBXFileReference; lastKnownFileType = sourcecode.c.objc; path = main.m; sourceTree = "<group>"; };
		C46CD73A1DBDB7F700395185 /* AppDelegate.h */ = {isa = PBXFileReference; lastKnownFileType = sourcecode.c.h; path = AppDelegate.h; sourceTree = "<group>"; };
		C46CD73B1DBDB7F700395185 /* AppDelegate.m */ = {isa = PBXFileReference; lastKnownFileType = sourcecode.c.objc; path = AppDelegate.m; sourceTree = "<group>"; };
		C46CD73D1DBDB7F700395185 /* ViewController.h */ = {isa = PBXFileReference; lastKnownFileType = sourcecode.c.h; path = ViewController.h; sourceTree = "<group>"; };
		C46CD73E1DBDB7F700395185 /* ViewController.m */ = {isa = PBXFileReference; lastKnownFileType = sourcecode.c.objc; path = ViewController.m; sourceTree = "<group>"; };
		C46CD7411DBDB7F800395185 /* Base */ = {isa = PBXFileReference; lastKnownFileType = file.storyboard; name = Base; path = Base.lproj/Main.storyboard; sourceTree = "<group>"; };
		C46CD7431DBDB7F800395185 /* Assets.xcassets */ = {isa = PBXFileReference; lastKnownFileType = folder.assetcatalog; path = Assets.xcassets; sourceTree = "<group>"; };
		C46CD7461DBDB7F800395185 /* Base */ = {isa = PBXFileReference; lastKnownFileType = file.storyboard; name = Base; path = Base.lproj/LaunchScreen.storyboard; sourceTree = "<group>"; };
		C46CD7481DBDB7F800395185 /* Info.plist */ = {isa = PBXFileReference; lastKnownFileType = text.plist.xml; path = Info.plist; sourceTree = "<group>"; };
		C46CD74D1DBDB7F800395185 /* 防盗Tests.xctest */ = {isa = PBXFileReference; explicitFileType = wrapper.cfbundle; includeInIndex = 0; path = "防盗Tests.xctest"; sourceTree = BUILT_PRODUCTS_DIR; };
		C46CD7511DBDB7F800395185 /* __Tests.m */ = {isa = PBXFileReference; lastKnownFileType = sourcecode.c.objc; path = __Tests.m; sourceTree = "<group>"; };
		C46CD7531DBDB7F800395185 /* Info.plist */ = {isa = PBXFileReference; lastKnownFileType = text.plist.xml; path = Info.plist; sourceTree = "<group>"; };
		C46CD7581DBDB7F800395185 /* 防盗UITests.xctest */ = {isa = PBXFileReference; explicitFileType = wrapper.cfbundle; includeInIndex = 0; path = "防盗UITests.xctest"; sourceTree = BUILT_PRODUCTS_DIR; };
		C46CD75C1DBDB7F800395185 /* __UITests.m */ = {isa = PBXFileReference; lastKnownFileType = sourcecode.c.objc; path = __UITests.m; sourceTree = "<group>"; };
		C46CD75E1DBDB7F800395185 /* Info.plist */ = {isa = PBXFileReference; lastKnownFileType = text.plist.xml; path = Info.plist; sourceTree = "<group>"; };
/* End PBXFileReference section */

/* Begin PBXFrameworksBuildPhase section */
		C46CD7311DBDB7F700395185 /* Frameworks */ = {
			isa = PBXFrameworksBuildPhase;
			buildActionMask = 2147483647;
			files = (
			);
			runOnlyForDeploymentPostprocessing = 0;
		};
		C46CD74A1DBDB7F800395185 /* Frameworks */ = {
			isa = PBXFrameworksBuildPhase;
			buildActionMask = 2147483647;
			files = (
			);
			runOnlyForDeploymentPostprocessing = 0;
		};
		C46CD7551DBDB7F800395185 /* Frameworks */ = {
			isa = PBXFrameworksBuildPhase;
			buildActionMask = 2147483647;
			files = (
			);
			runOnlyForDeploymentPostprocessing = 0;
		};
/* End PBXFrameworksBuildPhase section */

/* Begin PBXGroup section */
		C46CD72B1DBDB7F700395185 = {
			isa = PBXGroup;
			children = (
				C46CD7361DBDB7F700395185 /* 防盗 */,
				C46CD7501DBDB7F800395185 /* 防盗Tests */,
				C46CD75B1DBDB7F800395185 /* 防盗UITests */,
				C46CD7351DBDB7F700395185 /* Products */,
			);
			sourceTree = "<group>";
		};
		C46CD7351DBDB7F700395185 /* Products */ = {
			isa = PBXGroup;
			children = (
				C46CD7341DBDB7F700395185 /* 防盗.app */,
				C46CD74D1DBDB7F800395185 /* 防盗Tests.xctest */,
				C46CD7581DBDB7F800395185 /* 防盗UITests.xctest */,
			);
			name = Products;
			sourceTree = "<group>";
		};
		C46CD7361DBDB7F700395185 /* 防盗 */ = {
			isa = PBXGroup;
			children = (
				C46CD73A1DBDB7F700395185 /* AppDelegate.h */,
				C46CD73B1DBDB7F700395185 /* AppDelegate.m */,
				C46CD73D1DBDB7F700395185 /* ViewController.h */,
				C46CD73E1DBDB7F700395185 /* ViewController.m */,
				C46CD7401DBDB7F800395185 /* Main.storyboard */,
				C46CD7431DBDB7F800395185 /* Assets.xcassets */,
				C46CD7451DBDB7F800395185 /* LaunchScreen.storyboard */,
				C46CD7481DBDB7F800395185 /* Info.plist */,
				C46CD7371DBDB7F700395185 /* Supporting Files */,
			);
			path = "防盗";
			sourceTree = "<group>";
		};
		C46CD7371DBDB7F700395185 /* Supporting Files */ = {
			isa = PBXGroup;
			children = (
				C46CD7381DBDB7F700395185 /* main.m */,
			);
			name = "Supporting Files";
			sourceTree = "<group>";
		};
		C46CD7501DBDB7F800395185 /* 防盗Tests */ = {
			isa = PBXGroup;
			children = (
				C46CD7511DBDB7F800395185 /* __Tests.m */,
				C46CD7531DBDB7F800395185 /* Info.plist */,
			);
			path = "防盗Tests";
			sourceTree = "<group>";
		};
		C46CD75B1DBDB7F800395185 /* 防盗UITests */ = {
			isa = PBXGroup;
			children = (
				C46CD75C1DBDB7F800395185 /* __UITests.m */,
				C46CD75E1DBDB7F800395185 /* Info.plist */,
			);
			path = "防盗UITests";
			sourceTree = "<group>";
		};
/* End PBXGroup section */

/* Begin PBXNativeTarget section */
		C46CD7331DBDB7F700395185 /* 防盗 */ = {
			isa = PBXNativeTarget;
			buildConfigurationList = C46CD7611DBDB7F800395185 /* Build configuration list for PBXNativeTarget "防盗" */;
			buildPhases = (
				C46CD7301DBDB7F700395185 /* Sources */,
				C46CD7311DBDB7F700395185 /* Frameworks */,
				C46CD7321DBDB7F700395185 /* Resources */,
			);
			buildRules = (
			);
			dependencies = (
			);
			name = "防盗";
			productName = "防盗";
			productReference = C46CD7341DBDB7F700395185 /* 防盗.app */;
			productType = "com.apple.product-type.application";
		};
		C46CD74C1DBDB7F800395185 /* 防盗Tests */ = {
			isa = PBXNativeTarget;
			buildConfigurationList = C46CD7641DBDB7F800395185 /* Build configuration list for PBXNativeTarget "防盗Tests" */;
			buildPhases = (
				C46CD7491DBDB7F800395185 /* Sources */,
				C46CD74A1DBDB7F800395185 /* Frameworks */,
				C46CD74B1DBDB7F800395185 /* Resources */,
			);
			buildRules = (
			);
			dependencies = (
				C46CD74F1DBDB7F800395185 /* PBXTargetDependency */,
			);
			name = "防盗Tests";
			productName = "防盗Tests";
			productReference = C46CD74D1DBDB7F800395185 /* 防盗Tests.xctest */;
			productType = "com.apple.product-type.bundle.unit-test";
		};
		C46CD7571DBDB7F800395185 /* 防盗UITests */ = {
			isa = PBXNativeTarget;
			buildConfigurationList = C46CD7671DBDB7F800395185 /* Build configuration list for PBXNativeTarget "防盗UITests" */;
			buildPhases = (
				C46CD7541DBDB7F800395185 /* Sources */,
				C46CD7551DBDB7F800395185 /* Frameworks */,
				C46CD7561DBDB7F800395185 /* Resources */,
			);
			buildRules = (
			);
			dependencies = (
				C46CD75A1DBDB7F800395185 /* PBXTargetDependency */,
			);
			name = "防盗UITests";
			productName = "防盗UITests";
			productReference = C46CD7581DBDB7F800395185 /* 防盗UITests.xctest */;
			productType = "com.apple.product-type.bundle.ui-testing";
		};
/* End PBXNativeTarget section */

/* Begin PBXProject section */
		C46CD72C1DBDB7F700395185 /* Project object */ = {
			isa = PBXProject;
			attributes = {
				LastUpgradeCheck = 0800;
				ORGANIZATIONNAME = Tempo;
				TargetAttributes = {
					C46CD7331DBDB7F700395185 = {
						CreatedOnToolsVersion = 8.0;
						ProvisioningStyle = Automatic;
					};
					C46CD74C1DBDB7F800395185 = {
						CreatedOnToolsVersion = 8.0;
						ProvisioningStyle = Automatic;
						TestTargetID = C46CD7331DBDB7F700395185;
					};
					C46CD7571DBDB7F800395185 = {
						CreatedOnToolsVersion = 8.0;
						ProvisioningStyle = Automatic;
						TestTargetID = C46CD7331DBDB7F700395185;
					};
				};
			};
			buildConfigurationList = C46CD72F1DBDB7F700395185 /* Build configuration list for PBXProject "防盗" */;
			compatibilityVersion = "Xcode 3.2";
			developmentRegion = English;
			hasScannedForEncodings = 0;
			knownRegions = (
				en,
				Base,
			);
			mainGroup = C46CD72B1DBDB7F700395185;
			productRefGroup = C46CD7351DBDB7F700395185 /* Products */;
			projectDirPath = "";
			projectRoot = "";
			targets = (
				C46CD7331DBDB7F700395185 /* 防盗 */,
				C46CD74C1DBDB7F800395185 /* 防盗Tests */,
				C46CD7571DBDB7F800395185 /* 防盗UITests */,
			);
		};
/* End PBXProject section */

/* Begin PBXResourcesBuildPhase section */
		C46CD7321DBDB7F700395185 /* Resources */ = {
			isa = PBXResourcesBuildPhase;
			buildActionMask = 2147483647;
			files = (
				C46CD7471DBDB7F800395185 /* LaunchScreen.storyboard in Resources */,
				C46CD7441DBDB7F800395185 /* Assets.xcassets in Resources */,
				C46CD7421DBDB7F800395185 /* Main.storyboard in Resources */,
			);
			runOnlyForDeploymentPostprocessing = 0;
		};
		C46CD74B1DBDB7F800395185 /* Resources */ = {
			isa = PBXResourcesBuildPhase;
			buildActionMask = 2147483647;
			files = (
			);
			runOnlyForDeploymentPostprocessing = 0;
		};
		C46CD7561DBDB7F800395185 /* Resources */ = {
			isa = PBXResourcesBuildPhase;
			buildActionMask = 2147483647;
			files = (
			);
			runOnlyForDeploymentPostprocessing = 0;
		};
/* End PBXResourcesBuildPhase section */

/* Begin PBXSourcesBuildPhase section */
		C46CD7301DBDB7F700395185 /* Sources */ = {
			isa = PBXSourcesBuildPhase;
			buildActionMask = 2147483647;
			files = (
				C46CD73F1DBDB7F700395185 /* ViewController.m in Sources */,
				C46CD73C1DBDB7F700395185 /* AppDelegate.m in Sources */,
				C46CD7391DBDB7F700395185 /* main.m in Sources */,
			);
			runOnlyForDeploymentPostprocessing = 0;
		};
		C46CD7491DBDB7F800395185 /* Sources */ = {
			isa = PBXSourcesBuildPhase;
			buildActionMask = 2147483647;
			files = (
				C46CD7521DBDB7F800395185 /* __Tests.m in Sources */,
			);
			runOnlyForDeploymentPostprocessing = 0;
		};
		C46CD7541DBDB7F800395185 /* Sources */ = {
			isa = PBXSourcesBuildPhase;
			buildActionMask = 2147483647;
			files = (
				C46CD75D1DBDB7F800395185 /* __UITests.m in Sources */,
			);
			runOnlyForDeploymentPostprocessing = 0;
		};
/* End PBXSourcesBuildPhase section */

/* Begin PBXTargetDependency section */
		C46CD74F1DBDB7F800395185 /* PBXTargetDependency */ = {
			isa = PBXTargetDependency;
			target = C46CD7331DBDB7F700395185 /* 防盗 */;
			targetProxy = C46CD74E1DBDB7F800395185 /* PBXContainerItemProxy */;
		};
		C46CD75A1DBDB7F800395185 /* PBXTargetDependency */ = {
			isa = PBXTargetDependency;
			target = C46CD7331DBDB7F700395185 /* 防盗 */;
			targetProxy = C46CD7591DBDB7F800395185 /* PBXContainerItemProxy */;
		};
/* End PBXTargetDependency section */

/* Begin PBXVariantGroup section */
		C46CD7401DBDB7F800395185 /* Main.storyboard */ = {
			isa = PBXVariantGroup;
			children = (
				C46CD7411DBDB7F800395185 /* Base */,
			);
			name = Main.storyboard;
			sourceTree = "<group>";
		};
		C46CD7451DBDB7F800395185 /* LaunchScreen.storyboard */ = {
			isa = PBXVariantGroup;
			children = (
				C46CD7461DBDB7F800395185 /* Base */,
			);
			name = LaunchScreen.storyboard;
			sourceTree = "<group>";
		};
/* End PBXVariantGroup section */

/* Begin XCBuildConfiguration section */
		C46CD75F1DBDB7F800395185 /* Debug */ = {
			isa = XCBuildConfiguration;
			buildSettings = {
				ALWAYS_SEARCH_USER_PATHS = NO;
				CLANG_ANALYZER_NONNULL = YES;
				CLANG_CXX_LANGUAGE_STANDARD = "gnu++0x";
				CLANG_CXX_LIBRARY = "libc++";
				CLANG_ENABLE_MODULES = YES;
				CLANG_ENABLE_OBJC_ARC = YES;
				CLANG_WARN_BOOL_CONVERSION = YES;
				CLANG_WARN_CONSTANT_CONVERSION = YES;
				CLANG_WARN_DIRECT_OBJC_ISA_USAGE = YES_ERROR;
				CLANG_WARN_DOCUMENTATION_COMMENTS = YES;
				CLANG_WARN_EMPTY_BODY = YES;
				CLANG_WARN_ENUM_CONVERSION = YES;
				CLANG_WARN_INFINITE_RECURSION = YES;
				CLANG_WARN_INT_CONVERSION = YES;
				CLANG_WARN_OBJC_ROOT_CLASS = YES_ERROR;
				CLANG_WARN_SUSPICIOUS_MOVES = YES;
				CLANG_WARN_UNREACHABLE_CODE = YES;
				CLANG_WARN__DUPLICATE_METHOD_MATCH = YES;
				"CODE_SIGN_IDENTITY[sdk=iphoneos*]" = "iPhone Developer";
				COPY_PHASE_STRIP = NO;
				DEBUG_INFORMATION_FORMAT = dwarf;
				ENABLE_STRICT_OBJC_MSGSEND = YES;
				ENABLE_TESTABILITY = YES;
				GCC_C_LANGUAGE_STANDARD = gnu99;
				GCC_DYNAMIC_NO_PIC = NO;
				GCC_NO_COMMON_BLOCKS = YES;
				GCC_OPTIMIZATION_LEVEL = 0;
				GCC_PREPROCESSOR_DEFINITIONS = (
					"DEBUG=1",
					"$(inherited)",
				);
				GCC_WARN_64_TO_32_BIT_CONVERSION = YES;
				GCC_WARN_ABOUT_RETURN_TYPE = YES_ERROR;
				GCC_WARN_UNDECLARED_SELECTOR = YES;
				GCC_WARN_UNINITIALIZED_AUTOS = YES_AGGRESSIVE;
				GCC_WARN_UNUSED_FUNCTION = YES;
				GCC_WARN_UNUSED_VARIABLE = YES;
				IPHONEOS_DEPLOYMENT_TARGET = 10.0;
				MTL_ENABLE_DEBUG_INFO = YES;
				ONLY_ACTIVE_ARCH = YES;
				SDKROOT = iphoneos;
				TARGETED_DEVICE_FAMILY = "1,2";
			};
			name = Debug;
		};
		C46CD7601DBDB7F800395185 /* Release */ = {
			isa = XCBuildConfiguration;
			buildSettings = {
				ALWAYS_SEARCH_USER_PATHS = NO;
				CLANG_ANALYZER_NONNULL = YES;
				CLANG_CXX_LANGUAGE_STANDARD = "gnu++0x";
				CLANG_CXX_LIBRARY = "libc++";
				CLANG_ENABLE_MODULES = YES;
				CLANG_ENABLE_OBJC_ARC = YES;
				CLANG_WARN_BOOL_CONVERSION = YES;
				CLANG_WARN_CONSTANT_CONVERSION = YES;
				CLANG_WARN_DIRECT_OBJC_ISA_USAGE = YES_ERROR;
				CLANG_WARN_DOCUMENTATION_COMMENTS = YES;
				CLANG_WARN_EMPTY_BODY = YES;
				CLANG_WARN_ENUM_CONVERSION = YES;
				CLANG_WARN_INFINITE_RECURSION = YES;
				CLANG_WARN_INT_CONVERSION = YES;
				CLANG_WARN_OBJC_ROOT_CLASS = YES_ERROR;
				CLANG_WARN_SUSPICIOUS_MOVES = YES;
				CLANG_WARN_UNREACHABLE_CODE = YES;
				CLANG_WARN__DUPLICATE_METHOD_MATCH = YES;
				"CODE_SIGN_IDENTITY[sdk=iphoneos*]" = "iPhone Developer";
				COPY_PHASE_STRIP = NO;
				DEBUG_INFORMATION_FORMAT = "dwarf-with-dsym";
				ENABLE_NS_ASSERTIONS = NO;
				ENABLE_STRICT_OBJC_MSGSEND = YES;
				GCC_C_LANGUAGE_STANDARD = gnu99;
				GCC_NO_COMMON_BLOCKS = YES;
				GCC_WARN_64_TO_32_BIT_CONVERSION = YES;
				GCC_WARN_ABOUT_RETURN_TYPE = YES_ERROR;
				GCC_WARN_UNDECLARED_SELECTOR = YES;
				GCC_WARN_UNINITIALIZED_AUTOS = YES_AGGRESSIVE;
				GCC_WARN_UNUSED_FUNCTION = YES;
				GCC_WARN_UNUSED_VARIABLE = YES;
				IPHONEOS_DEPLOYMENT_TARGET = 10.0;
				MTL_ENABLE_DEBUG_INFO = NO;
				SDKROOT = iphoneos;
				TARGETED_DEVICE_FAMILY = "1,2";
				VALIDATE_PRODUCT = YES;
			};
			name = Release;
		};
		C46CD7621DBDB7F800395185 /* Debug */ = {
			isa = XCBuildConfiguration;
			buildSettings = {
				ASSETCATALOG_COMPILER_APPICON_NAME = AppIcon;
				INFOPLIST_FILE = "防盗/Info.plist";
				LD_RUNPATH_SEARCH_PATHS = "$(inherited) @executable_path/Frameworks";
				PRODUCT_BUNDLE_IDENTIFIER = "clh.--";
				PRODUCT_NAME = "$(TARGET_NAME)";
			};
			name = Debug;
		};
		C46CD7631DBDB7F800395185 /* Release */ = {
			isa = XCBuildConfiguration;
			buildSettings = {
				ASSETCATALOG_COMPILER_APPICON_NAME = AppIcon;
				INFOPLIST_FILE = "防盗/Info.plist";
				LD_RUNPATH_SEARCH_PATHS = "$(inherited) @executable_path/Frameworks";
				PRODUCT_BUNDLE_IDENTIFIER = "clh.--";
				PRODUCT_NAME = "$(TARGET_NAME)";
			};
			name = Release;
		};
		C46CD7651DBDB7F800395185 /* Debug */ = {
			isa = XCBuildConfiguration;
			buildSettings = {
				BUNDLE_LOADER = "$(TEST_HOST)";
				INFOPLIST_FILE = "防盗Tests/Info.plist";
				LD_RUNPATH_SEARCH_PATHS = "$(inherited) @executable_path/Frameworks @loader_path/Frameworks";
				PRODUCT_BUNDLE_IDENTIFIER = "clh.--Tests";
				PRODUCT_NAME = "$(TARGET_NAME)";
				TEST_HOST = "$(BUILT_PRODUCTS_DIR)/防盗.app/防盗";
			};
			name = Debug;
		};
		C46CD7661DBDB7F800395185 /* Release */ = {
			isa = XCBuildConfiguration;
			buildSettings = {
				BUNDLE_LOADER = "$(TEST_HOST)";
				INFOPLIST_FILE = "防盗Tests/Info.plist";
				LD_RUNPATH_SEARCH_PATHS = "$(inherited) @executable_path/Frameworks @loader_path/Frameworks";
				PRODUCT_BUNDLE_IDENTIFIER = "clh.--Tests";
				PRODUCT_NAME = "$(TARGET_NAME)";
				TEST_HOST = "$(BUILT_PRODUCTS_DIR)/防盗.app/防盗";
			};
			name = Release;
		};
		C46CD7681DBDB7F800395185 /* Debug */ = {
			isa = XCBuildConfiguration;
			buildSettings = {
				INFOPLIST_FILE = "防盗UITests/Info.plist";
				LD_RUNPATH_SEARCH_PATHS = "$(inherited) @executable_path/Frameworks @loader_path/Frameworks";
				PRODUCT_BUNDLE_IDENTIFIER = "clh.--UITests";
				PRODUCT_NAME = "$(TARGET_NAME)";
				TEST_TARGET_NAME = "防盗";
			};
			name = Debug;
		};
		C46CD7691DBDB7F800395185 /* Release */ = {
			isa = XCBuildConfiguration;
			buildSettings = {
				INFOPLIST_FILE = "防盗UITests/Info.plist";
				LD_RUNPATH_SEARCH_PATHS = "$(inherited) @executable_path/Frameworks @loader_path/Frameworks";
				PRODUCT_BUNDLE_IDENTIFIER = "clh.--UITests";
				PRODUCT_NAME = "$(TARGET_NAME)";
				TEST_TARGET_NAME = "防盗";
			};
			name = Release;
		};
/* End XCBuildConfiguration section */

/* Begin XCConfigurationList section */
		C46CD72F1DBDB7F700395185 /* Build configuration list for PBXProject "防盗" */ = {
			isa = XCConfigurationList;
			buildConfigurations = (
				C46CD75F1DBDB7F800395185 /* Debug */,
				C46CD7601DBDB7F800395185 /* Release */,
			);
			defaultConfigurationIsVisible = 0;
			defaultConfigurationName = Release;
		};
		C46CD7611DBDB7F800395185 /* Build configuration list for PBXNativeTarget "防盗" */ = {
			isa = XCConfigurationList;
			buildConfigurations = (
				C46CD7621DBDB7F800395185 /* Debug */,
				C46CD7631DBDB7F800395185 /* Release */,
			);
			defaultConfigurationIsVisible = 0;
		};
		C46CD7641DBDB7F800395185 /* Build configuration list for PBXNativeTarget "防盗Tests" */ = {
			isa = XCConfigurationList;
			buildConfigurations = (
				C46CD7651DBDB7F800395185 /* Debug */,
				C46CD7661DBDB7F800395185 /* Release */,
			);
			defaultConfigurationIsVisible = 0;
		};
		C46CD7671DBDB7F800395185 /* Build configuration list for PBXNativeTarget "防盗UITests" */ = {
			isa = XCConfigurationList;
			buildConfigurations = (
				C46CD7681DBDB7F800395185 /* Debug */,
				C46CD7691DBDB7F800395185 /* Release */,
			);
			defaultConfigurationIsVisible = 0;
		};
/* End XCConfigurationList section */
	};
	rootObject = C46CD72C1DBDB7F700395185 /* Project object */;
}
